
Microsoft Visual Studio Solution File, Format Version 12.00
# Visual Studio 14
VisualStudioVersion = 14.0.25420.1
MinimumVisualStudioVersion = 10.0.40219.1
Project("{FAE04EC0-301F-11D3-BF4B-00C04F79EFBC}") = "snake", "snake\snake.csproj", "{0EA0407B-3E24-4F23-BB1C-42C34AFC5221}"
EndProject
Global
	GlobalSection(SolutionConfigurationPlatforms) = preSolution
		Debug|Any CPU = Debug|Any CPU
		Release|Any CPU = Release|Any CPU
	EndGlobalSection
	GlobalSection(ProjectConfigurationPlatforms) = postSolution
		{0EA0407B-3E24-4F23-BB1C-42C34AFC5221}.Debug|Any CPU.ActiveCfg = Debug|Any CPU
		{0EA0407B-3E24-4F23-BB1C-42C34AFC5221}.Debug|Any CPU.Build.0 = Debug|Any CPU
		{0EA0407B-3E24-4F23-BB1C-42C34AFC5221}.Release|Any CPU.ActiveCfg = Release|Any CPU
		{0EA0407B-3E24-4F23-BB1C-42C34AFC5221}.Release|Any CPU.Build.0 = Release|Any CPU
	EndGlobalSection
	GlobalSection(SolutionProperties) = preSolution
		HideSolutionNode = FALSE
	EndGlobalSection
EndGlobal
